PODS:
  - Masonry (1.1.0)
  - PoporFoundation/NSObject (1.02)
  - PoporOrientation (1.01):
    - PoporFoundation/NSObject

DEPENDENCIES:
  - Masonry
  - PoporOrientation (from `../`)

SPEC REPOS:
  https://github.com/cocoapods/specs.git:
    - Masonry
    - PoporFoundation

EXTERNAL SOURCES:
  PoporOrientation:
    :path: "../"

SPEC CHECKSUMS:
  Masonry: 678fab65091a9290e40e2832a55e7ab731aad201
  PoporFoundation: 3bc0abbb2bd3e13083558717185d67abeec25ab0
  PoporOrientation: fc9689a00117c6f084b7951664f5e4a94817a3e5

PODFILE CHECKSUM: 49716f31b32468face70c9911e84a278ae851c7c

COCOAPODS: 1.7.5
